
Microsoft Visual Studio Solution File, Format Version 12.00
# Visual Studio Version 17
VisualStudioVersion = 17.7.34031.279
MinimumVisualStudioVersion = 10.0.40219.1
Project("{FAE04EC0-301F-11D3-BF4B-00C04F79EFBC}") = "stock-dashboard", "stock-dashboard\stock-dashboard.csproj", "{9955FDCA-1C6B-48CB-8361-2D0364E97CEA}"
EndProject
Global
	GlobalSection(SolutionConfigurationPlatforms) = preSolution
		Debug|Any CPU = Debug|Any CPU
		Release|Any CPU = Release|Any CPU
	EndGlobalSection
	GlobalSection(ProjectConfigurationPlatforms) = postSolution
		{9955FDCA-1C6B-48CB-8361-2D0364E97CEA}.Debug|Any CPU.ActiveCfg = Debug|Any CPU
		{9955FDCA-1C6B-48CB-8361-2D0364E97CEA}.Debug|Any CPU.Build.0 = Debug|Any CPU
		{9955FDCA-1C6B-48CB-8361-2D0364E97CEA}.Release|Any CPU.ActiveCfg = Release|Any CPU
		{9955FDCA-1C6B-48CB-8361-2D0364E97CEA}.Release|Any CPU.Build.0 = Release|Any CPU
	EndGlobalSection
	GlobalSection(SolutionProperties) = preSolution
		HideSolutionNode = FALSE
	EndGlobalSection
	GlobalSection(ExtensibilityGlobals) = postSolution
		SolutionGuid = {358ABC3D-69F7-4A72-A01F-2550F0BA6D69}
	EndGlobalSection
EndGlobal
